
Microsoft Visual Studio Solution File, Format Version 12.00
# Visual Studio Version 17
VisualStudioVersion = 17.4.33103.184
MinimumVisualStudioVersion = 10.0.40219.1
Project("{FAE04EC0-301F-11D3-BF4B-00C04F79EFBC}") = "Real Calculator", "Real Calculator\Real Calculator.csproj", "{A780A680-CF59-401D-8683-EF1B4BFF461A}"
EndProject
Global
	GlobalSection(SolutionConfigurationPlatforms) = preSolution
		Debug|Any CPU = Debug|Any CPU
		Release|Any CPU = Release|Any CPU
	EndGlobalSection
	GlobalSection(ProjectConfigurationPlatforms) = postSolution
		{A780A680-CF59-401D-8683-EF1B4BFF461A}.Debug|Any CPU.ActiveCfg = Debug|Any CPU
		{A780A680-CF59-401D-8683-EF1B4BFF461A}.Debug|Any CPU.Build.0 = Debug|Any CPU
		{A780A680-CF59-401D-8683-EF1B4BFF461A}.Release|Any CPU.ActiveCfg = Release|Any CPU
		{A780A680-CF59-401D-8683-EF1B4BFF461A}.Release|Any CPU.Build.0 = Release|Any CPU
	EndGlobalSection
	GlobalSection(SolutionProperties) = preSolution
		HideSolutionNode = FALSE
	EndGlobalSection
	GlobalSection(ExtensibilityGlobals) = postSolution
		SolutionGuid = {70DAC9C1-1148-4375-A038-BA1F1B43D3BC}
	EndGlobalSection
EndGlobal
